
Microsoft Visual Studio Solution File, Format Version 12.00
# Visual Studio Version 17
VisualStudioVersion = 17.6.33723.286
MinimumVisualStudioVersion = 10.0.40219.1
Project("{FAE04EC0-301F-11D3-BF4B-00C04F79EFBC}") = "ExamManagement", "ExamManagement\ExamManagement.csproj", "{B5A94F1F-5E2A-43AA-87F6-0ABA844512EE}"
EndProject
Global
	GlobalSection(SolutionConfigurationPlatforms) = preSolution
		Debug|Any CPU = Debug|Any CPU
		Release|Any CPU = Release|Any CPU
	EndGlobalSection
	GlobalSection(ProjectConfigurationPlatforms) = postSolution
		{B5A94F1F-5E2A-43AA-87F6-0ABA844512EE}.Debug|Any CPU.ActiveCfg = Debug|Any CPU
		{B5A94F1F-5E2A-43AA-87F6-0ABA844512EE}.Debug|Any CPU.Build.0 = Debug|Any CPU
		{B5A94F1F-5E2A-43AA-87F6-0ABA844512EE}.Release|Any CPU.ActiveCfg = Release|Any CPU
		{B5A94F1F-5E2A-43AA-87F6-0ABA844512EE}.Release|Any CPU.Build.0 = Release|Any CPU
	EndGlobalSection
	GlobalSection(SolutionProperties) = preSolution
		HideSolutionNode = FALSE
	EndGlobalSection
	GlobalSection(ExtensibilityGlobals) = postSolution
		SolutionGuid = {AD43863C-6FA8-44C6-9CDF-EE7B117069E3}
	EndGlobalSection
EndGlobal
